{
  "name": "treasure_map",
  "lockfileVersion": 2,
  "requires": true,
  "packages": {
    "": {
      "dependencies": {
        "papercss": "^1.8.3"
      }
    },
    "node_modules/papercss": {
      "version": "1.8.3",
      "resolved": "https://registry.npmjs.org/papercss/-/papercss-1.8.3.tgz",
      "integrity": "sha512-dRlaR5Kw6NbuMnHEIPLa6JvGndIE2RZ27ebSfjYXV6XAYEnxOMsNeYGDkmJgXol1A0LexmyP3F6F7+HL0XdGqA=="
    }
  },
  "dependencies": {
    "papercss": {
      "version": "1.8.3",
      "resolved": "https://registry.npmjs.org/papercss/-/papercss-1.8.3.tgz",
      "integrity": "sha512-dRlaR5Kw6NbuMnHEIPLa6JvGndIE2RZ27ebSfjYXV6XAYEnxOMsNeYGDkmJgXol1A0LexmyP3F6F7+HL0XdGqA=="
    }
  }
}
